# This file is autogenerated, do not edit; changes may be undone by the next 'dep ensure'.


[[projects]]
  branch = "master"
  name = "github.com/Opioid/rgbe"
  packages = ["."]
  revision = "01612e3f14b61fdbe443ba1b1dac0a97698ab81b"

[solve-meta]
  analyzer-name = "dep"
  analyzer-version = 1
  inputs-digest = "d567fce3f7a52bd1c690013097f13bdd6862c70ab0ca9c296d6d11a61cae96f2"
  solver-name = "gps-cdcl"
  solver-version = 1
